{
  "name": "platforms",
  "version": "1.0.0",
  "lockfileVersion": 1,
  "requires": true,
  "dependencies": {
    "@bochkarevatat/ajs": {
      "version": "1.0.0",
      "resolved": "https://npm.pkg.github.com/download/@bochkarevatat/ajs/1.0.0/415c751cb27ac5351e7b10f80c9b34c17bd1e3e74545a2131d4f5557cfa2422f",
      "integrity": "sha512-q8E63OFRaQ/Raq9ys87c4lcWNikOmXtwHmdKyYidobTZ84mZ0QFQLt6KD6XPFc/SdUMFSUm/uTHJZ2LDc2VTYw=="
    }
  }
}
